// !$*UTF8*$!
{
	archiveVersion = 1;
	classes = {
	};
	objectVersion = 46;
	objects = {

/* Begin PBXBuildFile section */
		D80CAA6E1394887F00F6F861 /* AMSerialPortAdditions.m in Sources */ = {isa = PBXBuildFile; fileRef = D8AFA9F113906847001FE2A5 /* AMSerialPortAdditions.m */; };
		D86D0E5E13EB69D50054AA86 /* Arduino Bidirectional.qtz in Resources */ = {isa = PBXBuildFile; fileRef = D86D0E5D13EB69D50054AA86 /* Arduino Bidirectional.qtz */; };
		D86D0E6013EB6AE40054AA86 /* AppKit.framework in Frameworks */ = {isa = PBXBuildFile; fileRef = D8AFA9AB138F406D001FE2A5 /* AppKit.framework */; };
		D8A4E56C1390A4CA006AD752 /* BMDeviceReaderPlugIn.m in Sources */ = {isa = PBXBuildFile; fileRef = D8A4E56B1390A4CA006AD752 /* BMDeviceReaderPlugIn.m */; };
		D8AFA9A9138F406D001FE2A5 /* Quartz.framework in Frameworks */ = {isa = PBXBuildFile; fileRef = D8AFA9A8138F406D001FE2A5 /* Quartz.framework */; };
		D8AFA9B5138F406D001FE2A5 /* InfoPlist.strings in Resources */ = {isa = PBXBuildFile; fileRef = D8AFA9B3138F406D001FE2A5 /* InfoPlist.strings */; };
		D8AFA9B9138F406D001FE2A5 /* BMDeviceListPlugIn.m in Sources */ = {isa = PBXBuildFile; fileRef = D8AFA9B8138F406D001FE2A5 /* BMDeviceListPlugIn.m */; };
		D8AFA9E813906264001FE2A5 /* Localizable.strings in Resources */ = {isa = PBXBuildFile; fileRef = D8AFA9E713906264001FE2A5 /* Localizable.strings */; };
		D8AFAA0C139069F1001FE2A5 /* IOKit.framework in Frameworks */ = {isa = PBXBuildFile; fileRef = D8AFAA011390697B001FE2A5 /* IOKit.framework */; };
		D8AFAA0D13906A06001FE2A5 /* AMSerialPortList.m in Sources */ = {isa = PBXBuildFile; fileRef = D8AFA9F313906847001FE2A5 /* AMSerialPortList.m */; };
		D8AFAA0E13906A1C001FE2A5 /* AMSerialPort.m in Sources */ = {isa = PBXBuildFile; fileRef = D8AFA9ED13906847001FE2A5 /* AMSerialPort.m */; };
		D8C4E5E31394C97F00D9565E /* BMDeviceWriterPlugIn.m in Sources */ = {isa = PBXBuildFile; fileRef = D8C4E5E21394C97F00D9565E /* BMDeviceWriterPlugIn.m */; };
		D8FC241513E34C860089055F /* Device Explorer.qtz in Resources */ = {isa = PBXBuildFile; fileRef = D8A4E5681390736D006AD752 /* Device Explorer.qtz */; };
/* End PBXBuildFile section */

/* Begin PBXFileReference section */
		D86D0E5D13EB69D50054AA86 /* Arduino Bidirectional.qtz */ = {isa = PBXFileReference; lastKnownFileType = "video.quartz-composer"; path = "Arduino Bidirectional.qtz"; sourceTree = SOURCE_ROOT; };
		D8A4E5681390736D006AD752 /* Device Explorer.qtz */ = {isa = PBXFileReference; lastKnownFileType = "video.quartz-composer"; path = "Device Explorer.qtz"; sourceTree = SOURCE_ROOT; };
		D8A4E56A1390A4CA006AD752 /* BMDeviceReaderPlugIn.h */ = {isa = PBXFileReference; fileEncoding = 4; lastKnownFileType = sourcecode.c.h; path = BMDeviceReaderPlugIn.h; sourceTree = "<group>"; };
		D8A4E56B1390A4CA006AD752 /* BMDeviceReaderPlugIn.m */ = {isa = PBXFileReference; fileEncoding = 4; lastKnownFileType = sourcecode.c.objc; path = BMDeviceReaderPlugIn.m; sourceTree = "<group>"; };
		D8AFA9A3138F406D001FE2A5 /* BircherMuesli.plugin */ = {isa = PBXFileReference; explicitFileType = wrapper.cfbundle; includeInIndex = 0; path = BircherMuesli.plugin; sourceTree = BUILT_PRODUCTS_DIR; };
		D8AFA9A8138F406D001FE2A5 /* Quartz.framework */ = {isa = PBXFileReference; lastKnownFileType = wrapper.framework; name = Quartz.framework; path = System/Library/Frameworks/Quartz.framework; sourceTree = SDKROOT; };
		D8AFA9AB138F406D001FE2A5 /* AppKit.framework */ = {isa = PBXFileReference; lastKnownFileType = wrapper.framework; name = AppKit.framework; path = System/Library/Frameworks/AppKit.framework; sourceTree = SDKROOT; };
		D8AFA9AD138F406D001FE2A5 /* Foundation.framework */ = {isa = PBXFileReference; lastKnownFileType = wrapper.framework; name = Foundation.framework; path = System/Library/Frameworks/Foundation.framework; sourceTree = SDKROOT; };
		D8AFA9B2138F406D001FE2A5 /* BircherMuesli-Info.plist */ = {isa = PBXFileReference; lastKnownFileType = text.plist.xml; path = "BircherMuesli-Info.plist"; sourceTree = "<group>"; };
		D8AFA9B4138F406D001FE2A5 /* en */ = {isa = PBXFileReference; lastKnownFileType = text.plist.strings; name = en; path = en.lproj/InfoPlist.strings; sourceTree = "<group>"; };
		D8AFA9B6138F406D001FE2A5 /* BircherMuesli-Prefix.pch */ = {isa = PBXFileReference; lastKnownFileType = sourcecode.c.h; path = "BircherMuesli-Prefix.pch"; sourceTree = "<group>"; };
		D8AFA9B7138F406D001FE2A5 /* BMDeviceListPlugIn.h */ = {isa = PBXFileReference; lastKnownFileType = sourcecode.c.h; path = BMDeviceListPlugIn.h; sourceTree = "<group>"; };
		D8AFA9B8138F406D001FE2A5 /* BMDeviceListPlugIn.m */ = {isa = PBXFileReference; lastKnownFileType = sourcecode.c.objc; path = BMDeviceListPlugIn.m; sourceTree = "<group>"; };
		D8AFA9D2138F4D9A001FE2A5 /* README.markdown */ = {isa = PBXFileReference; lastKnownFileType = text; path = README.markdown; sourceTree = SOURCE_ROOT; };
		D8AFA9D4138F4DA3001FE2A5 /* CHANGELOG */ = {isa = PBXFileReference; lastKnownFileType = text; path = CHANGELOG; sourceTree = SOURCE_ROOT; };
		D8AFA9D5138F4DA3001FE2A5 /* Rakefile */ = {isa = PBXFileReference; lastKnownFileType = text; path = Rakefile; sourceTree = SOURCE_ROOT; };
		D8AFA9D6138F4DA3001FE2A5 /* TODO */ = {isa = PBXFileReference; lastKnownFileType = text; path = TODO; sourceTree = SOURCE_ROOT; };
		D8AFA9D7138F4E3B001FE2A5 /* BircherMuesli.h */ = {isa = PBXFileReference; fileEncoding = 4; lastKnownFileType = sourcecode.c.h; path = BircherMuesli.h; sourceTree = "<group>"; };
		D8AFA9E713906264001FE2A5 /* Localizable.strings */ = {isa = PBXFileReference; fileEncoding = 4; lastKnownFileType = text.plist.strings; path = Localizable.strings; sourceTree = "<group>"; };
		D8AFA9EB13906847001FE2A5 /* AMSerialErrors.h */ = {isa = PBXFileReference; lastKnownFileType = sourcecode.c.h; path = AMSerialErrors.h; sourceTree = "<group>"; };
		D8AFA9EC13906847001FE2A5 /* AMSerialPort.h */ = {isa = PBXFileReference; lastKnownFileType = sourcecode.c.h; path = AMSerialPort.h; sourceTree = "<group>"; };
		D8AFA9ED13906847001FE2A5 /* AMSerialPort.m */ = {isa = PBXFileReference; lastKnownFileType = sourcecode.c.objc; path = AMSerialPort.m; sourceTree = "<group>"; };
		D8AFA9F013906847001FE2A5 /* AMSerialPortAdditions.h */ = {isa = PBXFileReference; lastKnownFileType = sourcecode.c.h; path = AMSerialPortAdditions.h; sourceTree = "<group>"; };
		D8AFA9F113906847001FE2A5 /* AMSerialPortAdditions.m */ = {isa = PBXFileReference; lastKnownFileType = sourcecode.c.objc; path = AMSerialPortAdditions.m; sourceTree = "<group>"; };
		D8AFA9F213906847001FE2A5 /* AMSerialPortList.h */ = {isa = PBXFileReference; lastKnownFileType = sourcecode.c.h; path = AMSerialPortList.h; sourceTree = "<group>"; };
		D8AFA9F313906847001FE2A5 /* AMSerialPortList.m */ = {isa = PBXFileReference; lastKnownFileType = sourcecode.c.objc; path = AMSerialPortList.m; sourceTree = "<group>"; };
		D8AFAA011390697B001FE2A5 /* IOKit.framework */ = {isa = PBXFileReference; lastKnownFileType = wrapper.framework; name = IOKit.framework; path = /System/Library/Frameworks/IOKit.framework; sourceTree = "<absolute>"; };
		D8C4E5E11394C97F00D9565E /* BMDeviceWriterPlugIn.h */ = {isa = PBXFileReference; fileEncoding = 4; lastKnownFileType = sourcecode.c.h; path = BMDeviceWriterPlugIn.h; sourceTree = "<group>"; };
		D8C4E5E21394C97F00D9565E /* BMDeviceWriterPlugIn.m */ = {isa = PBXFileReference; fileEncoding = 4; lastKnownFileType = sourcecode.c.objc; path = BMDeviceWriterPlugIn.m; sourceTree = "<group>"; };
/* End PBXFileReference section */

/* Begin PBXFrameworksBuildPhase section */
		D8AFA99F138F406D001FE2A5 /* Frameworks */ = {
			isa = PBXFrameworksBuildPhase;
			buildActionMask = 2147483647;
			files = (
				D86D0E6013EB6AE40054AA86 /* AppKit.framework in Frameworks */,
				D8AFA9A9138F406D001FE2A5 /* Quartz.framework in Frameworks */,
				D8AFAA0C139069F1001FE2A5 /* IOKit.framework in Frameworks */,
			);
			runOnlyForDeploymentPostprocessing = 0;
		};
/* End PBXFrameworksBuildPhase section */

/* Begin PBXGroup section */
		D8AFA997138F406D001FE2A5 = {
			isa = PBXGroup;
			children = (
				D8AFA9B0138F406D001FE2A5 /* BircherMuesli */,
				D8AFA9E913906847001FE2A5 /* AMSerialPort */,
				D8AFA9A5138F406D001FE2A5 /* Frameworks */,
				D8AFA9A4138F406D001FE2A5 /* Products */,
			);
			sourceTree = "<group>";
		};
		D8AFA9A4138F406D001FE2A5 /* Products */ = {
			isa = PBXGroup;
			children = (
				D8AFA9A3138F406D001FE2A5 /* BircherMuesli.plugin */,
			);
			name = Products;
			sourceTree = "<group>";
		};
		D8AFA9A5138F406D001FE2A5 /* Frameworks */ = {
			isa = PBXGroup;
			children = (
				D8AFA9A8138F406D001FE2A5 /* Quartz.framework */,
				D8AFAA011390697B001FE2A5 /* IOKit.framework */,
				D8AFA9AA138F406D001FE2A5 /* Other Frameworks */,
			);
			name = Frameworks;
			sourceTree = "<group>";
		};
		D8AFA9AA138F406D001FE2A5 /* Other Frameworks */ = {
			isa = PBXGroup;
			children = (
				D8AFA9AB138F406D001FE2A5 /* AppKit.framework */,
				D8AFA9AD138F406D001FE2A5 /* Foundation.framework */,
			);
			name = "Other Frameworks";
			sourceTree = "<group>";
		};
		D8AFA9B0138F406D001FE2A5 /* BircherMuesli */ = {
			isa = PBXGroup;
			children = (
				D8AFA9D7138F4E3B001FE2A5 /* BircherMuesli.h */,
				D8AFA9B7138F406D001FE2A5 /* BMDeviceListPlugIn.h */,
				D8AFA9B8138F406D001FE2A5 /* BMDeviceListPlugIn.m */,
				D8A4E56A1390A4CA006AD752 /* BMDeviceReaderPlugIn.h */,
				D8A4E56B1390A4CA006AD752 /* BMDeviceReaderPlugIn.m */,
				D8C4E5E11394C97F00D9565E /* BMDeviceWriterPlugIn.h */,
				D8C4E5E21394C97F00D9565E /* BMDeviceWriterPlugIn.m */,
				D8AFA9B1138F406D001FE2A5 /* Supporting Files */,
				D8AFA9D2138F4D9A001FE2A5 /* README.markdown */,
				D8AFA9D5138F4DA3001FE2A5 /* Rakefile */,
				D8AFA9D6138F4DA3001FE2A5 /* TODO */,
				D8AFA9D4138F4DA3001FE2A5 /* CHANGELOG */,
				D8A4E5681390736D006AD752 /* Device Explorer.qtz */,
				D86D0E5D13EB69D50054AA86 /* Arduino Bidirectional.qtz */,
			);
			path = BircherMuesli;
			sourceTree = "<group>";
		};
		D8AFA9B1138F406D001FE2A5 /* Supporting Files */ = {
			isa = PBXGroup;
			children = (
				D8AFA9B2138F406D001FE2A5 /* BircherMuesli-Info.plist */,
				D8AFA9B3138F406D001FE2A5 /* InfoPlist.strings */,
				D8AFA9B6138F406D001FE2A5 /* BircherMuesli-Prefix.pch */,
				D8AFA9E713906264001FE2A5 /* Localizable.strings */,
			);
			name = "Supporting Files";
			sourceTree = "<group>";
		};
		D8AFA9E913906847001FE2A5 /* AMSerialPort */ = {
			isa = PBXGroup;
			children = (
				D8AFA9EB13906847001FE2A5 /* AMSerialErrors.h */,
				D8AFA9EC13906847001FE2A5 /* AMSerialPort.h */,
				D8AFA9ED13906847001FE2A5 /* AMSerialPort.m */,
				D8AFA9F013906847001FE2A5 /* AMSerialPortAdditions.h */,
				D8AFA9F113906847001FE2A5 /* AMSerialPortAdditions.m */,
				D8AFA9F213906847001FE2A5 /* AMSerialPortList.h */,
				D8AFA9F313906847001FE2A5 /* AMSerialPortList.m */,
			);
			name = AMSerialPort;
			path = vendor/AMSerialPort/SharedCode;
			sourceTree = "<group>";
		};
/* End PBXGroup section */

/* Begin PBXNativeTarget section */
		D8AFA9A2138F406D001FE2A5 /* BircherMuesli */ = {
			isa = PBXNativeTarget;
			buildConfigurationList = D8AFA9BC138F406D001FE2A5 /* Build configuration list for PBXNativeTarget "BircherMuesli" */;
			buildPhases = (
				D8AFA99E138F406D001FE2A5 /* Sources */,
				D8AFA99F138F406D001FE2A5 /* Frameworks */,
				D8AFA9A0138F406D001FE2A5 /* Resources */,
				D8AFA9CB138F4AC1001FE2A5 /* Update Info.plist With git Info */,
				D8AFA9A1138F406D001FE2A5 /* Copy Plug-In Into Place */,
			);
			buildRules = (
			);
			dependencies = (
			);
			name = BircherMuesli;
			productName = BircherMuesli;
			productReference = D8AFA9A3138F406D001FE2A5 /* BircherMuesli.plugin */;
			productType = "com.apple.product-type.bundle";
		};
/* End PBXNativeTarget section */

/* Begin PBXProject section */
		D8AFA999138F406D001FE2A5 /* Project object */ = {
			isa = PBXProject;
			attributes = {
				LastUpgradeCheck = 0420;
			};
			buildConfigurationList = D8AFA99C138F406D001FE2A5 /* Build configuration list for PBXProject "BircherMuesli" */;
			compatibilityVersion = "Xcode 3.2";
			developmentRegion = English;
			hasScannedForEncodings = 0;
			knownRegions = (
				en,
			);
			mainGroup = D8AFA997138F406D001FE2A5;
			productRefGroup = D8AFA9A4138F406D001FE2A5 /* Products */;
			projectDirPath = "";
			projectRoot = "";
			targets = (
				D8AFA9A2138F406D001FE2A5 /* BircherMuesli */,
			);
		};
/* End PBXProject section */

/* Begin PBXResourcesBuildPhase section */
		D8AFA9A0138F406D001FE2A5 /* Resources */ = {
			isa = PBXResourcesBuildPhase;
			buildActionMask = 2147483647;
			files = (
				D8AFA9B5138F406D001FE2A5 /* InfoPlist.strings in Resources */,
				D8AFA9E813906264001FE2A5 /* Localizable.strings in Resources */,
				D8FC241513E34C860089055F /* Device Explorer.qtz in Resources */,
				D86D0E5E13EB69D50054AA86 /* Arduino Bidirectional.qtz in Resources */,
			);
			runOnlyForDeploymentPostprocessing = 0;
		};
/* End PBXResourcesBuildPhase section */

/* Begin PBXShellScriptBuildPhase section */
		D8AFA9A1138F406D001FE2A5 /* Copy Plug-In Into Place */ = {
			isa = PBXShellScriptBuildPhase;
			buildActionMask = 2147483647;
			files = (
			);
			inputPaths = (
			);
			name = "Copy Plug-In Into Place";
			outputPaths = (
			);
			runOnlyForDeploymentPostprocessing = 0;
			shellPath = /bin/sh;
			shellScript = "# This shell script simply copies the built plug-in to \"~/Library/Graphics/Quartz Composer Plug-Ins\" and overrides any previous version at that location\n\nmkdir -p \"$USER_LIBRARY_DIR/Graphics/Quartz Composer Plug-Ins\"\nrm -rf \"$USER_LIBRARY_DIR/Graphics/Quartz Composer Plug-Ins/BircherMuesli.plugin\"\nditto \"$BUILT_PRODUCTS_DIR/BircherMuesli.plugin\" \"$USER_LIBRARY_DIR/Graphics/Quartz Composer Plug-Ins/BircherMuesli.plugin\"\n";
		};
		D8AFA9CB138F4AC1001FE2A5 /* Update Info.plist With git Info */ = {
			isa = PBXShellScriptBuildPhase;
			buildActionMask = 2147483647;
			files = (
			);
			inputPaths = (
			);
			name = "Update Info.plist With git Info";
			outputPaths = (
			);
			runOnlyForDeploymentPostprocessing = 0;
			shellPath = /bin/sh;
			shellScript = "/usr/local/bin/macrake update_bundle_version\n";
		};
/* End PBXShellScriptBuildPhase section */

/* Begin PBXSourcesBuildPhase section */
		D8AFA99E138F406D001FE2A5 /* Sources */ = {
			isa = PBXSourcesBuildPhase;
			buildActionMask = 2147483647;
			files = (
				D8AFA9B9138F406D001FE2A5 /* BMDeviceListPlugIn.m in Sources */,
				D8A4E56C1390A4CA006AD752 /* BMDeviceReaderPlugIn.m in Sources */,
				D8AFAA0E13906A1C001FE2A5 /* AMSerialPort.m in Sources */,
				D80CAA6E1394887F00F6F861 /* AMSerialPortAdditions.m in Sources */,
				D8AFAA0D13906A06001FE2A5 /* AMSerialPortList.m in Sources */,
				D8C4E5E31394C97F00D9565E /* BMDeviceWriterPlugIn.m in Sources */,
			);
			runOnlyForDeploymentPostprocessing = 0;
		};
/* End PBXSourcesBuildPhase section */

/* Begin PBXVariantGroup section */
		D8AFA9B3138F406D001FE2A5 /* InfoPlist.strings */ = {
			isa = PBXVariantGroup;
			children = (
				D8AFA9B4138F406D001FE2A5 /* en */,
			);
			name = InfoPlist.strings;
			sourceTree = "<group>";
		};
/* End PBXVariantGroup section */

/* Begin XCBuildConfiguration section */
		D8AFA9BA138F406D001FE2A5 /* Debug */ = {
			isa = XCBuildConfiguration;
			buildSettings = {
				ARCHS = "$(ARCHS_STANDARD_32_64_BIT)";
				GCC_C_LANGUAGE_STANDARD = gnu99;
				GCC_OPTIMIZATION_LEVEL = 0;
				GCC_PREPROCESSOR_DEFINITIONS = (
					DEBUG,
					AMSerialDebug,
				);
				GCC_SYMBOLS_PRIVATE_EXTERN = NO;
				GCC_TREAT_WARNINGS_AS_ERRORS = YES;
				GCC_VERSION = com.apple.compilers.llvm.clang.1_0;
				GCC_WARN_64_TO_32_BIT_CONVERSION = YES;
				GCC_WARN_ABOUT_RETURN_TYPE = YES;
				GCC_WARN_UNUSED_VARIABLE = YES;
				MACOSX_DEPLOYMENT_TARGET = 10.6;
				ONLY_ACTIVE_ARCH = YES;
				RUN_CLANG_STATIC_ANALYZER = YES;
				SDKROOT = macosx;
				WARNING_CFLAGS = "-Wall";
			};
			name = Debug;
		};
		D8AFA9BB138F406D001FE2A5 /* Release */ = {
			isa = XCBuildConfiguration;
			buildSettings = {
				ARCHS = "$(ARCHS_STANDARD_32_64_BIT)";
				GCC_C_LANGUAGE_STANDARD = gnu99;
				GCC_PREPROCESSOR_DEFINITIONS = (
					DEBUG,
					AMSerialDebug,
				);
				GCC_TREAT_WARNINGS_AS_ERRORS = YES;
				GCC_VERSION = com.apple.compilers.llvm.clang.1_0;
				GCC_WARN_64_TO_32_BIT_CONVERSION = YES;
				GCC_WARN_ABOUT_RETURN_TYPE = YES;
				GCC_WARN_UNUSED_VARIABLE = YES;
				MACOSX_DEPLOYMENT_TARGET = 10.6;
				RUN_CLANG_STATIC_ANALYZER = YES;
				SDKROOT = macosx;
				WARNING_CFLAGS = "-Wall";
			};
			name = Release;
		};
		D8AFA9BD138F406D001FE2A5 /* Debug */ = {
			isa = XCBuildConfiguration;
			buildSettings = {
				ALWAYS_SEARCH_USER_PATHS = NO;
				COPY_PHASE_STRIP = NO;
				GCC_DYNAMIC_NO_PIC = NO;
				GCC_ENABLE_OBJC_EXCEPTIONS = YES;
				GCC_ENABLE_OBJC_GC = supported;
				GCC_PRECOMPILE_PREFIX_HEADER = YES;
				GCC_PREFIX_HEADER = "BircherMuesli/BircherMuesli-Prefix.pch";
				INFOPLIST_FILE = "BircherMuesli/BircherMuesli-Info.plist";
				INSTALL_PATH = "$(HOME)/Library/Graphics/Quartz Composer Plug-Ins";
				PRODUCT_NAME = "$(TARGET_NAME)";
				WRAPPER_EXTENSION = plugin;
			};
			name = Debug;
		};
		D8AFA9BE138F406D001FE2A5 /* Release */ = {
			isa = XCBuildConfiguration;
			buildSettings = {
				ALWAYS_SEARCH_USER_PATHS = NO;
				COPY_PHASE_STRIP = YES;
				DEBUG_INFORMATION_FORMAT = "dwarf-with-dsym";
				GCC_ENABLE_OBJC_EXCEPTIONS = YES;
				GCC_ENABLE_OBJC_GC = supported;
				GCC_PRECOMPILE_PREFIX_HEADER = YES;
				GCC_PREFIX_HEADER = "BircherMuesli/BircherMuesli-Prefix.pch";
				INFOPLIST_FILE = "BircherMuesli/BircherMuesli-Info.plist";
				INSTALL_PATH = "$(HOME)/Library/Graphics/Quartz Composer Plug-Ins";
				PRODUCT_NAME = "$(TARGET_NAME)";
				WRAPPER_EXTENSION = plugin;
			};
			name = Release;
		};
/* End XCBuildConfiguration section */

/* Begin XCConfigurationList section */
		D8AFA99C138F406D001FE2A5 /* Build configuration list for PBXProject "BircherMuesli" */ = {
			isa = XCConfigurationList;
			buildConfigurations = (
				D8AFA9BA138F406D001FE2A5 /* Debug */,
				D8AFA9BB138F406D001FE2A5 /* Release */,
			);
			defaultConfigurationIsVisible = 0;
			defaultConfigurationName = Release;
		};
		D8AFA9BC138F406D001FE2A5 /* Build configuration list for PBXNativeTarget "BircherMuesli" */ = {
			isa = XCConfigurationList;
			buildConfigurations = (
				D8AFA9BD138F406D001FE2A5 /* Debug */,
				D8AFA9BE138F406D001FE2A5 /* Release */,
			);
			defaultConfigurationIsVisible = 0;
			defaultConfigurationName = Release;
		};
/* End XCConfigurationList section */
	};
	rootObject = D8AFA999138F406D001FE2A5 /* Project object */;
}
